
Microsoft Visual Studio Solution File, Format Version 12.00
# Visual Studio Version 16
VisualStudioVersion = 16.0.29519.181
MinimumVisualStudioVersion = 10.0.40219.1
Project("{FAE04EC0-301F-11D3-BF4B-00C04F79EFBC}") = "EarTrainer", "EarTrainer.csproj", "{7159129F-5929-4AFE-8E58-E10AF2D027FC}"
EndProject
Global
	GlobalSection(SolutionConfigurationPlatforms) = preSolution
		Debug|Any CPU = Debug|Any CPU
		Release|Any CPU = Release|Any CPU
	EndGlobalSection
	GlobalSection(ProjectConfigurationPlatforms) = postSolution
		{7159129F-5929-4AFE-8E58-E10AF2D027FC}.Debug|Any CPU.ActiveCfg = Debug|Any CPU
		{7159129F-5929-4AFE-8E58-E10AF2D027FC}.Debug|Any CPU.Build.0 = Debug|Any CPU
		{7159129F-5929-4AFE-8E58-E10AF2D027FC}.Release|Any CPU.ActiveCfg = Release|Any CPU
		{7159129F-5929-4AFE-8E58-E10AF2D027FC}.Release|Any CPU.Build.0 = Release|Any CPU
	EndGlobalSection
	GlobalSection(SolutionProperties) = preSolution
		HideSolutionNode = FALSE
	EndGlobalSection
	GlobalSection(ExtensibilityGlobals) = postSolution
		SolutionGuid = {5A5B08A0-EE5B-421F-8FA9-9EB63910DE7E}
	EndGlobalSection
EndGlobal
